
Microsoft Visual Studio Solution File, Format Version 12.00
# Visual Studio Version 16
VisualStudioVersion = 16.0.32126.315
MinimumVisualStudioVersion = 10.0.40219.1
Project("{FAE04EC0-301F-11D3-BF4B-00C04F79EFBC}") = "GameJam_AlaCarte", "GameJam_AlaCarte\GameJam_AlaCarte.csproj", "{6D926AEE-D598-4DCC-9EBC-59C79BDB143B}"
EndProject
Global
	GlobalSection(SolutionConfigurationPlatforms) = preSolution
		Debug|Any CPU = Debug|Any CPU
		Release|Any CPU = Release|Any CPU
	EndGlobalSection
	GlobalSection(ProjectConfigurationPlatforms) = postSolution
		{6D926AEE-D598-4DCC-9EBC-59C79BDB143B}.Debug|Any CPU.ActiveCfg = Debug|Any CPU
		{6D926AEE-D598-4DCC-9EBC-59C79BDB143B}.Debug|Any CPU.Build.0 = Debug|Any CPU
		{6D926AEE-D598-4DCC-9EBC-59C79BDB143B}.Release|Any CPU.ActiveCfg = Release|Any CPU
		{6D926AEE-D598-4DCC-9EBC-59C79BDB143B}.Release|Any CPU.Build.0 = Release|Any CPU
	EndGlobalSection
	GlobalSection(SolutionProperties) = preSolution
		HideSolutionNode = FALSE
	EndGlobalSection
	GlobalSection(ExtensibilityGlobals) = postSolution
		SolutionGuid = {FC31AA47-28FD-40D3-958D-0ED59060392F}
	EndGlobalSection
EndGlobal
